// !$*UTF8*$!
{
	archiveVersion = 1;
	classes = {
	};
	objectVersion = 55;
	objects = {

/* Begin PBXBuildFile section */
		6B3A7EEB27E622460086A3DF /* ComposableArchDemoAppApp.swift in Sources */ = {isa = PBXBuildFile; fileRef = 6B3A7EEA27E622460086A3DF /* ComposableArchDemoAppApp.swift */; };
		6B3A7EED27E622460086A3DF /* ContentView.swift in Sources */ = {isa = PBXBuildFile; fileRef = 6B3A7EEC27E622460086A3DF /* ContentView.swift */; };
		6B3A7EEF27E622470086A3DF /* Assets.xcassets in Resources */ = {isa = PBXBuildFile; fileRef = 6B3A7EEE27E622470086A3DF /* Assets.xcassets */; };
		6B3A7EF227E622470086A3DF /* Preview Assets.xcassets in Resources */ = {isa = PBXBuildFile; fileRef = 6B3A7EF127E622470086A3DF /* Preview Assets.xcassets */; };
		6B3A7EFC27E622470086A3DF /* ComposableArchDemoAppTests.swift in Sources */ = {isa = PBXBuildFile; fileRef = 6B3A7EFB27E622470086A3DF /* ComposableArchDemoAppTests.swift */; };
		6B3A7F0627E622470086A3DF /* ComposableArchDemoAppUITests.swift in Sources */ = {isa = PBXBuildFile; fileRef = 6B3A7F0527E622470086A3DF /* ComposableArchDemoAppUITests.swift */; };
		6B3A7F0827E622470086A3DF /* ComposableArchDemoAppUITestsLaunchTests.swift in Sources */ = {isa = PBXBuildFile; fileRef = 6B3A7F0727E622470086A3DF /* ComposableArchDemoAppUITestsLaunchTests.swift */; };
/* End PBXBuildFile section */

/* Begin PBXContainerItemProxy section */
		6B3A7EF827E622470086A3DF /* PBXContainerItemProxy */ = {
			isa = PBXContainerItemProxy;
			containerPortal = 6B3A7EDF27E622460086A3DF /* Project object */;
			proxyType = 1;
			remoteGlobalIDString = 6B3A7EE627E622460086A3DF;
			remoteInfo = ComposableArchDemoApp;
		};
		6B3A7F0227E622470086A3DF /* PBXContainerItemProxy */ = {
			isa = PBXContainerItemProxy;
			containerPortal = 6B3A7EDF27E622460086A3DF /* Project object */;
			proxyType = 1;
			remoteGlobalIDString = 6B3A7EE627E622460086A3DF;
			remoteInfo = ComposableArchDemoApp;
		};
/* End PBXContainerItemProxy section */

/* Begin PBXFileReference section */
		6B3A7EE727E622460086A3DF /* ComposableArchDemoApp.app */ = {isa = PBXFileReference; explicitFileType = wrapper.application; includeInIndex = 0; path = ComposableArchDemoApp.app; sourceTree = BUILT_PRODUCTS_DIR; };
		6B3A7EEA27E622460086A3DF /* ComposableArchDemoAppApp.swift */ = {isa = PBXFileReference; lastKnownFileType = sourcecode.swift; path = ComposableArchDemoAppApp.swift; sourceTree = "<group>"; };
		6B3A7EEC27E622460086A3DF /* ContentView.swift */ = {isa = PBXFileReference; lastKnownFileType = sourcecode.swift; path = ContentView.swift; sourceTree = "<group>"; };
		6B3A7EEE27E622470086A3DF /* Assets.xcassets */ = {isa = PBXFileReference; lastKnownFileType = folder.assetcatalog; path = Assets.xcassets; sourceTree = "<group>"; };
		6B3A7EF127E622470086A3DF /* Preview Assets.xcassets */ = {isa = PBXFileReference; lastKnownFileType = folder.assetcatalog; path = "Preview Assets.xcassets"; sourceTree = "<group>"; };
		6B3A7EF727E622470086A3DF /* ComposableArchDemoAppTests.xctest */ = {isa = PBXFileReference; explicitFileType = wrapper.cfbundle; includeInIndex = 0; path = ComposableArchDemoAppTests.xctest; sourceTree = BUILT_PRODUCTS_DIR; };
		6B3A7EFB27E622470086A3DF /* ComposableArchDemoAppTests.swift */ = {isa = PBXFileReference; lastKnownFileType = sourcecode.swift; path = ComposableArchDemoAppTests.swift; sourceTree = "<group>"; };
		6B3A7F0127E622470086A3DF /* ComposableArchDemoAppUITests.xctest */ = {isa = PBXFileReference; explicitFileType = wrapper.cfbundle; includeInIndex = 0; path = ComposableArchDemoAppUITests.xctest; sourceTree = BUILT_PRODUCTS_DIR; };
		6B3A7F0527E622470086A3DF /* ComposableArchDemoAppUITests.swift */ = {isa = PBXFileReference; lastKnownFileType = sourcecode.swift; path = ComposableArchDemoAppUITests.swift; sourceTree = "<group>"; };
		6B3A7F0727E622470086A3DF /* ComposableArchDemoAppUITestsLaunchTests.swift */ = {isa = PBXFileReference; lastKnownFileType = sourcecode.swift; path = ComposableArchDemoAppUITestsLaunchTests.swift; sourceTree = "<group>"; };
/* End PBXFileReference section */

/* Begin PBXFrameworksBuildPhase section */
		6B3A7EE427E622460086A3DF /* Frameworks */ = {
			isa = PBXFrameworksBuildPhase;
			buildActionMask = 2147483647;
			files = (
			);
			runOnlyForDeploymentPostprocessing = 0;
		};
		6B3A7EF427E622470086A3DF /* Frameworks */ = {
			isa = PBXFrameworksBuildPhase;
			buildActionMask = 2147483647;
			files = (
			);
			runOnlyForDeploymentPostprocessing = 0;
		};
		6B3A7EFE27E622470086A3DF /* Frameworks */ = {
			isa = PBXFrameworksBuildPhase;
			buildActionMask = 2147483647;
			files = (
			);
			runOnlyForDeploymentPostprocessing = 0;
		};
/* End PBXFrameworksBuildPhase section */

/* Begin PBXGroup section */
		6B3A7EDE27E622460086A3DF = {
			isa = PBXGroup;
			children = (
				6B3A7EE927E622460086A3DF /* ComposableArchDemoApp */,
				6B3A7EFA27E622470086A3DF /* ComposableArchDemoAppTests */,
				6B3A7F0427E622470086A3DF /* ComposableArchDemoAppUITests */,
				6B3A7EE827E622460086A3DF /* Products */,
			);
			sourceTree = "<group>";
		};
		6B3A7EE827E622460086A3DF /* Products */ = {
			isa = PBXGroup;
			children = (
				6B3A7EE727E622460086A3DF /* ComposableArchDemoApp.app */,
				6B3A7EF727E622470086A3DF /* ComposableArchDemoAppTests.xctest */,
				6B3A7F0127E622470086A3DF /* ComposableArchDemoAppUITests.xctest */,
			);
			name = Products;
			sourceTree = "<group>";
		};
		6B3A7EE927E622460086A3DF /* ComposableArchDemoApp */ = {
			isa = PBXGroup;
			children = (
				6B3A7EEA27E622460086A3DF /* ComposableArchDemoAppApp.swift */,
				6B3A7EEC27E622460086A3DF /* ContentView.swift */,
				6B3A7EEE27E622470086A3DF /* Assets.xcassets */,
				6B3A7EF027E622470086A3DF /* Preview Content */,
			);
			path = ComposableArchDemoApp;
			sourceTree = "<group>";
		};
		6B3A7EF027E622470086A3DF /* Preview Content */ = {
			isa = PBXGroup;
			children = (
				6B3A7EF127E622470086A3DF /* Preview Assets.xcassets */,
			);
			path = "Preview Content";
			sourceTree = "<group>";
		};
		6B3A7EFA27E622470086A3DF /* ComposableArchDemoAppTests */ = {
			isa = PBXGroup;
			children = (
				6B3A7EFB27E622470086A3DF /* ComposableArchDemoAppTests.swift */,
			);
			path = ComposableArchDemoAppTests;
			sourceTree = "<group>";
		};
		6B3A7F0427E622470086A3DF /* ComposableArchDemoAppUITests */ = {
			isa = PBXGroup;
			children = (
				6B3A7F0527E622470086A3DF /* ComposableArchDemoAppUITests.swift */,
				6B3A7F0727E622470086A3DF /* ComposableArchDemoAppUITestsLaunchTests.swift */,
			);
			path = ComposableArchDemoAppUITests;
			sourceTree = "<group>";
		};
/* End PBXGroup section */

/* Begin PBXNativeTarget section */
		6B3A7EE627E622460086A3DF /* ComposableArchDemoApp */ = {
			isa = PBXNativeTarget;
			buildConfigurationList = 6B3A7F0B27E622470086A3DF /* Build configuration list for PBXNativeTarget "ComposableArchDemoApp" */;
			buildPhases = (
				6B3A7EE327E622460086A3DF /* Sources */,
				6B3A7EE427E622460086A3DF /* Frameworks */,
				6B3A7EE527E622460086A3DF /* Resources */,
			);
			buildRules = (
			);
			dependencies = (
			);
			name = ComposableArchDemoApp;
			productName = ComposableArchDemoApp;
			productReference = 6B3A7EE727E622460086A3DF /* ComposableArchDemoApp.app */;
			productType = "com.apple.product-type.application";
		};
		6B3A7EF627E622470086A3DF /* ComposableArchDemoAppTests */ = {
			isa = PBXNativeTarget;
			buildConfigurationList = 6B3A7F0E27E622470086A3DF /* Build configuration list for PBXNativeTarget "ComposableArchDemoAppTests" */;
			buildPhases = (
				6B3A7EF327E622470086A3DF /* Sources */,
				6B3A7EF427E622470086A3DF /* Frameworks */,
				6B3A7EF527E622470086A3DF /* Resources */,
			);
			buildRules = (
			);
			dependencies = (
				6B3A7EF927E622470086A3DF /* PBXTargetDependency */,
			);
			name = ComposableArchDemoAppTests;
			productName = ComposableArchDemoAppTests;
			productReference = 6B3A7EF727E622470086A3DF /* ComposableArchDemoAppTests.xctest */;
			productType = "com.apple.product-type.bundle.unit-test";
		};
		6B3A7F0027E622470086A3DF /* ComposableArchDemoAppUITests */ = {
			isa = PBXNativeTarget;
			buildConfigurationList = 6B3A7F1127E622470086A3DF /* Build configuration list for PBXNativeTarget "ComposableArchDemoAppUITests" */;
			buildPhases = (
				6B3A7EFD27E622470086A3DF /* Sources */,
				6B3A7EFE27E622470086A3DF /* Frameworks */,
				6B3A7EFF27E622470086A3DF /* Resources */,
			);
			buildRules = (
			);
			dependencies = (
				6B3A7F0327E622470086A3DF /* PBXTargetDependency */,
			);
			name = ComposableArchDemoAppUITests;
			productName = ComposableArchDemoAppUITests;
			productReference = 6B3A7F0127E622470086A3DF /* ComposableArchDemoAppUITests.xctest */;
			productType = "com.apple.product-type.bundle.ui-testing";
		};
/* End PBXNativeTarget section */

/* Begin PBXProject section */
		6B3A7EDF27E622460086A3DF /* Project object */ = {
			isa = PBXProject;
			attributes = {
				BuildIndependentTargetsInParallel = 1;
				LastSwiftUpdateCheck = 1320;
				LastUpgradeCheck = 1320;
				TargetAttributes = {
					6B3A7EE627E622460086A3DF = {
						CreatedOnToolsVersion = 13.2.1;
					};
					6B3A7EF627E622470086A3DF = {
						CreatedOnToolsVersion = 13.2.1;
						TestTargetID = 6B3A7EE627E622460086A3DF;
					};
					6B3A7F0027E622470086A3DF = {
						CreatedOnToolsVersion = 13.2.1;
						TestTargetID = 6B3A7EE627E622460086A3DF;
					};
				};
			};
			buildConfigurationList = 6B3A7EE227E622460086A3DF /* Build configuration list for PBXProject "ComposableArchDemoApp" */;
			compatibilityVersion = "Xcode 13.0";
			developmentRegion = en;
			hasScannedForEncodings = 0;
			knownRegions = (
				en,
				Base,
			);
			mainGroup = 6B3A7EDE27E622460086A3DF;
			productRefGroup = 6B3A7EE827E622460086A3DF /* Products */;
			projectDirPath = "";
			projectRoot = "";
			targets = (
				6B3A7EE627E622460086A3DF /* ComposableArchDemoApp */,
				6B3A7EF627E622470086A3DF /* ComposableArchDemoAppTests */,
				6B3A7F0027E622470086A3DF /* ComposableArchDemoAppUITests */,
			);
		};
/* End PBXProject section */

/* Begin PBXResourcesBuildPhase section */
		6B3A7EE527E622460086A3DF /* Resources */ = {
			isa = PBXResourcesBuildPhase;
			buildActionMask = 2147483647;
			files = (
				6B3A7EF227E622470086A3DF /* Preview Assets.xcassets in Resources */,
				6B3A7EEF27E622470086A3DF /* Assets.xcassets in Resources */,
			);
			runOnlyForDeploymentPostprocessing = 0;
		};
		6B3A7EF527E622470086A3DF /* Resources */ = {
			isa = PBXResourcesBuildPhase;
			buildActionMask = 2147483647;
			files = (
			);
			runOnlyForDeploymentPostprocessing = 0;
		};
		6B3A7EFF27E622470086A3DF /* Resources */ = {
			isa = PBXResourcesBuildPhase;
			buildActionMask = 2147483647;
			files = (
			);
			runOnlyForDeploymentPostprocessing = 0;
		};
/* End PBXResourcesBuildPhase section */

/* Begin PBXSourcesBuildPhase section */
		6B3A7EE327E622460086A3DF /* Sources */ = {
			isa = PBXSourcesBuildPhase;
			buildActionMask = 2147483647;
			files = (
				6B3A7EED27E622460086A3DF /* ContentView.swift in Sources */,
				6B3A7EEB27E622460086A3DF /* ComposableArchDemoAppApp.swift in Sources */,
			);
			runOnlyForDeploymentPostprocessing = 0;
		};
		6B3A7EF327E622470086A3DF /* Sources */ = {
			isa = PBXSourcesBuildPhase;
			buildActionMask = 2147483647;
			files = (
				6B3A7EFC27E622470086A3DF /* ComposableArchDemoAppTests.swift in Sources */,
			);
			runOnlyForDeploymentPostprocessing = 0;
		};
		6B3A7EFD27E622470086A3DF /* Sources */ = {
			isa = PBXSourcesBuildPhase;
			buildActionMask = 2147483647;
			files = (
				6B3A7F0827E622470086A3DF /* ComposableArchDemoAppUITestsLaunchTests.swift in Sources */,
				6B3A7F0627E622470086A3DF /* ComposableArchDemoAppUITests.swift in Sources */,
			);
			runOnlyForDeploymentPostprocessing = 0;
		};
/* End PBXSourcesBuildPhase section */

/* Begin PBXTargetDependency section */
		6B3A7EF927E622470086A3DF /* PBXTargetDependency */ = {
			isa = PBXTargetDependency;
			target = 6B3A7EE627E622460086A3DF /* ComposableArchDemoApp */;
			targetProxy = 6B3A7EF827E622470086A3DF /* PBXContainerItemProxy */;
		};
		6B3A7F0327E622470086A3DF /* PBXTargetDependency */ = {
			isa = PBXTargetDependency;
			target = 6B3A7EE627E622460086A3DF /* ComposableArchDemoApp */;
			targetProxy = 6B3A7F0227E622470086A3DF /* PBXContainerItemProxy */;
		};
/* End PBXTargetDependency section */

/* Begin XCBuildConfiguration section */
		6B3A7F0927E622470086A3DF /* Debug */ = {
			isa = XCBuildConfiguration;
			buildSettings = {
				ALWAYS_SEARCH_USER_PATHS = NO;
				CLANG_ANALYZER_NONNULL = YES;
				CLANG_ANALYZER_NUMBER_OBJECT_CONVERSION = YES_AGGRESSIVE;
				CLANG_CXX_LANGUAGE_STANDARD = "gnu++17";
				CLANG_CXX_LIBRARY = "libc++";
				CLANG_ENABLE_MODULES = YES;
				CLANG_ENABLE_OBJC_ARC = YES;
				CLANG_ENABLE_OBJC_WEAK = YES;
				CLANG_WARN_BLOCK_CAPTURE_AUTORELEASING = YES;
				CLANG_WARN_BOOL_CONVERSION = YES;
				CLANG_WARN_COMMA = YES;
				CLANG_WARN_CONSTANT_CONVERSION = YES;
				CLANG_WARN_DEPRECATED_OBJC_IMPLEMENTATIONS = YES;
				CLANG_WARN_DIRECT_OBJC_ISA_USAGE = YES_ERROR;
				CLANG_WARN_DOCUMENTATION_COMMENTS = YES;
				CLANG_WARN_EMPTY_BODY = YES;
				CLANG_WARN_ENUM_CONVERSION = YES;
				CLANG_WARN_INFINITE_RECURSION = YES;
				CLANG_WARN_INT_CONVERSION = YES;
				CLANG_WARN_NON_LITERAL_NULL_CONVERSION = YES;
				CLANG_WARN_OBJC_IMPLICIT_RETAIN_SELF = YES;
				CLANG_WARN_OBJC_LITERAL_CONVERSION = YES;
				CLANG_WARN_OBJC_ROOT_CLASS = YES_ERROR;
				CLANG_WARN_QUOTED_INCLUDE_IN_FRAMEWORK_HEADER = YES;
				CLANG_WARN_RANGE_LOOP_ANALYSIS = YES;
				CLANG_WARN_STRICT_PROTOTYPES = YES;
				CLANG_WARN_SUSPICIOUS_MOVE = YES;
				CLANG_WARN_UNGUARDED_AVAILABILITY = YES_AGGRESSIVE;
				CLANG_WARN_UNREACHABLE_CODE = YES;
				CLANG_WARN__DUPLICATE_METHOD_MATCH = YES;
				COPY_PHASE_STRIP = NO;
				DEBUG_INFORMATION_FORMAT = dwarf;
				ENABLE_STRICT_OBJC_MSGSEND = YES;
				ENABLE_TESTABILITY = YES;
				GCC_C_LANGUAGE_STANDARD = gnu11;
				GCC_DYNAMIC_NO_PIC = NO;
				GCC_NO_COMMON_BLOCKS = YES;
				GCC_OPTIMIZATION_LEVEL = 0;
				GCC_PREPROCESSOR_DEFINITIONS = (
					"DEBUG=1",
					"$(inherited)",
				);
				GCC_WARN_64_TO_32_BIT_CONVERSION = YES;
				GCC_WARN_ABOUT_RETURN_TYPE = YES_ERROR;
				GCC_WARN_UNDECLARED_SELECTOR = YES;
				GCC_WARN_UNINITIALIZED_AUTOS = YES_AGGRESSIVE;
				GCC_WARN_UNUSED_FUNCTION = YES;
				GCC_WARN_UNUSED_VARIABLE = YES;
				IPHONEOS_DEPLOYMENT_TARGET = 15.2;
				MTL_ENABLE_DEBUG_INFO = INCLUDE_SOURCE;
				MTL_FAST_MATH = YES;
				ONLY_ACTIVE_ARCH = YES;
				SDKROOT = iphoneos;
				SWIFT_ACTIVE_COMPILATION_CONDITIONS = DEBUG;
				SWIFT_OPTIMIZATION_LEVEL = "-Onone";
			};
			name = Debug;
		};
		6B3A7F0A27E622470086A3DF /* Release */ = {
			isa = XCBuildConfiguration;
			buildSettings = {
				ALWAYS_SEARCH_USER_PATHS = NO;
				CLANG_ANALYZER_NONNULL = YES;
				CLANG_ANALYZER_NUMBER_OBJECT_CONVERSION = YES_AGGRESSIVE;
				CLANG_CXX_LANGUAGE_STANDARD = "gnu++17";
				CLANG_CXX_LIBRARY = "libc++";
				CLANG_ENABLE_MODULES = YES;
				CLANG_ENABLE_OBJC_ARC = YES;
				CLANG_ENABLE_OBJC_WEAK = YES;
				CLANG_WARN_BLOCK_CAPTURE_AUTORELEASING = YES;
				CLANG_WARN_BOOL_CONVERSION = YES;
				CLANG_WARN_COMMA = YES;
				CLANG_WARN_CONSTANT_CONVERSION = YES;
				CLANG_WARN_DEPRECATED_OBJC_IMPLEMENTATIONS = YES;
				CLANG_WARN_DIRECT_OBJC_ISA_USAGE = YES_ERROR;
				CLANG_WARN_DOCUMENTATION_COMMENTS = YES;
				CLANG_WARN_EMPTY_BODY = YES;
				CLANG_WARN_ENUM_CONVERSION = YES;
				CLANG_WARN_INFINITE_RECURSION = YES;
				CLANG_WARN_INT_CONVERSION = YES;
				CLANG_WARN_NON_LITERAL_NULL_CONVERSION = YES;
				CLANG_WARN_OBJC_IMPLICIT_RETAIN_SELF = YES;
				CLANG_WARN_OBJC_LITERAL_CONVERSION = YES;
				CLANG_WARN_OBJC_ROOT_CLASS = YES_ERROR;
				CLANG_WARN_QUOTED_INCLUDE_IN_FRAMEWORK_HEADER = YES;
				CLANG_WARN_RANGE_LOOP_ANALYSIS = YES;
				CLANG_WARN_STRICT_PROTOTYPES = YES;
				CLANG_WARN_SUSPICIOUS_MOVE = YES;
				CLANG_WARN_UNGUARDED_AVAILABILITY = YES_AGGRESSIVE;
				CLANG_WARN_UNREACHABLE_CODE = YES;
				CLANG_WARN__DUPLICATE_METHOD_MATCH = YES;
				COPY_PHASE_STRIP = NO;
				DEBUG_INFORMATION_FORMAT = "dwarf-with-dsym";
				ENABLE_NS_ASSERTIONS = NO;
				ENABLE_STRICT_OBJC_MSGSEND = YES;
				GCC_C_LANGUAGE_STANDARD = gnu11;
				GCC_NO_COMMON_BLOCKS = YES;
				GCC_WARN_64_TO_32_BIT_CONVERSION = YES;
				GCC_WARN_ABOUT_RETURN_TYPE = YES_ERROR;
				GCC_WARN_UNDECLARED_SELECTOR = YES;
				GCC_WARN_UNINITIALIZED_AUTOS = YES_AGGRESSIVE;
				GCC_WARN_UNUSED_FUNCTION = YES;
				GCC_WARN_UNUSED_VARIABLE = YES;
				IPHONEOS_DEPLOYMENT_TARGET = 15.2;
				MTL_ENABLE_DEBUG_INFO = NO;
				MTL_FAST_MATH = YES;
				SDKROOT = iphoneos;
				SWIFT_COMPILATION_MODE = wholemodule;
				SWIFT_OPTIMIZATION_LEVEL = "-O";
				VALIDATE_PRODUCT = YES;
			};
			name = Release;
		};
		6B3A7F0C27E622470086A3DF /* Debug */ = {
			isa = XCBuildConfiguration;
			buildSettings = {
				ASSETCATALOG_COMPILER_APPICON_NAME = AppIcon;
				ASSETCATALOG_COMPILER_GLOBAL_ACCENT_COLOR_NAME = AccentColor;
				CODE_SIGN_STYLE = Automatic;
				CURRENT_PROJECT_VERSION = 1;
				DEVELOPMENT_ASSET_PATHS = "\"ComposableArchDemoApp/Preview Content\"";
				DEVELOPMENT_TEAM = SMT4VV2UY9;
				ENABLE_PREVIEWS = YES;
				GENERATE_INFOPLIST_FILE = YES;
				INFOPLIST_KEY_UIApplicationSceneManifest_Generation = YES;
				INFOPLIST_KEY_UIApplicationSupportsIndirectInputEvents = YES;
				INFOPLIST_KEY_UILaunchScreen_Generation = YES;
				INFOPLIST_KEY_UISupportedInterfaceOrientations_iPad = "UIInterfaceOrientationPortrait UIInterfaceOrientationPortraitUpsideDown UIInterfaceOrientationLandscapeLeft UIInterfaceOrientationLandscapeRight";
				INFOPLIST_KEY_UISupportedInterfaceOrientations_iPhone = "UIInterfaceOrientationPortrait UIInterfaceOrientationLandscapeLeft UIInterfaceOrientationLandscapeRight";
				LD_RUNPATH_SEARCH_PATHS = (
					"$(inherited)",
					"@executable_path/Frameworks",
				);
				MARKETING_VERSION = 1.0;
				PRODUCT_BUNDLE_IDENTIFIER = Garlington.Matthew.ComposableArchDemoApp;
				PRODUCT_NAME = "$(TARGET_NAME)";
				SWIFT_EMIT_LOC_STRINGS = YES;
				SWIFT_VERSION = 5.0;
				TARGETED_DEVICE_FAMILY = "1,2";
			};
			name = Debug;
		};
		6B3A7F0D27E622470086A3DF /* Release */ = {
			isa = XCBuildConfiguration;
			buildSettings = {
				ASSETCATALOG_COMPILER_APPICON_NAME = AppIcon;
				ASSETCATALOG_COMPILER_GLOBAL_ACCENT_COLOR_NAME = AccentColor;
				CODE_SIGN_STYLE = Automatic;
				CURRENT_PROJECT_VERSION = 1;
				DEVELOPMENT_ASSET_PATHS = "\"ComposableArchDemoApp/Preview Content\"";
				DEVELOPMENT_TEAM = SMT4VV2UY9;
				ENABLE_PREVIEWS = YES;
				GENERATE_INFOPLIST_FILE = YES;
				INFOPLIST_KEY_UIApplicationSceneManifest_Generation = YES;
				INFOPLIST_KEY_UIApplicationSupportsIndirectInputEvents = YES;
				INFOPLIST_KEY_UILaunchScreen_Generation = YES;
				INFOPLIST_KEY_UISupportedInterfaceOrientations_iPad = "UIInterfaceOrientationPortrait UIInterfaceOrientationPortraitUpsideDown UIInterfaceOrientationLandscapeLeft UIInterfaceOrientationLandscapeRight";
				INFOPLIST_KEY_UISupportedInterfaceOrientations_iPhone = "UIInterfaceOrientationPortrait UIInterfaceOrientationLandscapeLeft UIInterfaceOrientationLandscapeRight";
				LD_RUNPATH_SEARCH_PATHS = (
					"$(inherited)",
					"@executable_path/Frameworks",
				);
				MARKETING_VERSION = 1.0;
				PRODUCT_BUNDLE_IDENTIFIER = Garlington.Matthew.ComposableArchDemoApp;
				PRODUCT_NAME = "$(TARGET_NAME)";
				SWIFT_EMIT_LOC_STRINGS = YES;
				SWIFT_VERSION = 5.0;
				TARGETED_DEVICE_FAMILY = "1,2";
			};
			name = Release;
		};
		6B3A7F0F27E622470086A3DF /* Debug */ = {
			isa = XCBuildConfiguration;
			buildSettings = {
				ALWAYS_EMBED_SWIFT_STANDARD_LIBRARIES = YES;
				BUNDLE_LOADER = "$(TEST_HOST)";
				CODE_SIGN_STYLE = Automatic;
				CURRENT_PROJECT_VERSION = 1;
				DEVELOPMENT_TEAM = SMT4VV2UY9;
				GENERATE_INFOPLIST_FILE = YES;
				IPHONEOS_DEPLOYMENT_TARGET = 15.2;
				MARKETING_VERSION = 1.0;
				PRODUCT_BUNDLE_IDENTIFIER = Garlington.Matthew.ComposableArchDemoAppTests;
				PRODUCT_NAME = "$(TARGET_NAME)";
				SWIFT_EMIT_LOC_STRINGS = NO;
				SWIFT_VERSION = 5.0;
				TARGETED_DEVICE_FAMILY = "1,2";
				TEST_HOST = "$(BUILT_PRODUCTS_DIR)/ComposableArchDemoApp.app/ComposableArchDemoApp";
			};
			name = Debug;
		};
		6B3A7F1027E622470086A3DF /* Release */ = {
			isa = XCBuildConfiguration;
			buildSettings = {
				ALWAYS_EMBED_SWIFT_STANDARD_LIBRARIES = YES;
				BUNDLE_LOADER = "$(TEST_HOST)";
				CODE_SIGN_STYLE = Automatic;
				CURRENT_PROJECT_VERSION = 1;
				DEVELOPMENT_TEAM = SMT4VV2UY9;
				GENERATE_INFOPLIST_FILE = YES;
				IPHONEOS_DEPLOYMENT_TARGET = 15.2;
				MARKETING_VERSION = 1.0;
				PRODUCT_BUNDLE_IDENTIFIER = Garlington.Matthew.ComposableArchDemoAppTests;
				PRODUCT_NAME = "$(TARGET_NAME)";
				SWIFT_EMIT_LOC_STRINGS = NO;
				SWIFT_VERSION = 5.0;
				TARGETED_DEVICE_FAMILY = "1,2";
				TEST_HOST = "$(BUILT_PRODUCTS_DIR)/ComposableArchDemoApp.app/ComposableArchDemoApp";
			};
			name = Release;
		};
		6B3A7F1227E622470086A3DF /* Debug */ = {
			isa = XCBuildConfiguration;
			buildSettings = {
				ALWAYS_EMBED_SWIFT_STANDARD_LIBRARIES = YES;
				CODE_SIGN_STYLE = Automatic;
				CURRENT_PROJECT_VERSION = 1;
				DEVELOPMENT_TEAM = SMT4VV2UY9;
				GENERATE_INFOPLIST_FILE = YES;
				MARKETING_VERSION = 1.0;
				PRODUCT_BUNDLE_IDENTIFIER = Garlington.Matthew.ComposableArchDemoAppUITests;
				PRODUCT_NAME = "$(TARGET_NAME)";
				SWIFT_EMIT_LOC_STRINGS = NO;
				SWIFT_VERSION = 5.0;
				TARGETED_DEVICE_FAMILY = "1,2";
				TEST_TARGET_NAME = ComposableArchDemoApp;
			};
			name = Debug;
		};
		6B3A7F1327E622470086A3DF /* Release */ = {
			isa = XCBuildConfiguration;
			buildSettings = {
				ALWAYS_EMBED_SWIFT_STANDARD_LIBRARIES = YES;
				CODE_SIGN_STYLE = Automatic;
				CURRENT_PROJECT_VERSION = 1;
				DEVELOPMENT_TEAM = SMT4VV2UY9;
				GENERATE_INFOPLIST_FILE = YES;
				MARKETING_VERSION = 1.0;
				PRODUCT_BUNDLE_IDENTIFIER = Garlington.Matthew.ComposableArchDemoAppUITests;
				PRODUCT_NAME = "$(TARGET_NAME)";
				SWIFT_EMIT_LOC_STRINGS = NO;
				SWIFT_VERSION = 5.0;
				TARGETED_DEVICE_FAMILY = "1,2";
				TEST_TARGET_NAME = ComposableArchDemoApp;
			};
			name = Release;
		};
/* End XCBuildConfiguration section */

/* Begin XCConfigurationList section */
		6B3A7EE227E622460086A3DF /* Build configuration list for PBXProject "ComposableArchDemoApp" */ = {
			isa = XCConfigurationList;
			buildConfigurations = (
				6B3A7F0927E622470086A3DF /* Debug */,
				6B3A7F0A27E622470086A3DF /* Release */,
			);
			defaultConfigurationIsVisible = 0;
			defaultConfigurationName = Release;
		};
		6B3A7F0B27E622470086A3DF /* Build configuration list for PBXNativeTarget "ComposableArchDemoApp" */ = {
			isa = XCConfigurationList;
			buildConfigurations = (
				6B3A7F0C27E622470086A3DF /* Debug */,
				6B3A7F0D27E622470086A3DF /* Release */,
			);
			defaultConfigurationIsVisible = 0;
			defaultConfigurationName = Release;
		};
		6B3A7F0E27E622470086A3DF /* Build configuration list for PBXNativeTarget "ComposableArchDemoAppTests" */ = {
			isa = XCConfigurationList;
			buildConfigurations = (
				6B3A7F0F27E622470086A3DF /* Debug */,
				6B3A7F1027E622470086A3DF /* Release */,
			);
			defaultConfigurationIsVisible = 0;
			defaultConfigurationName = Release;
		};
		6B3A7F1127E622470086A3DF /* Build configuration list for PBXNativeTarget "ComposableArchDemoAppUITests" */ = {
			isa = XCConfigurationList;
			buildConfigurations = (
				6B3A7F1227E622470086A3DF /* Debug */,
				6B3A7F1327E622470086A3DF /* Release */,
			);
			defaultConfigurationIsVisible = 0;
			defaultConfigurationName = Release;
		};
/* End XCConfigurationList section */
	};
	rootObject = 6B3A7EDF27E622460086A3DF /* Project object */;
}
